
Microsoft Visual Studio Solution File, Format Version 12.00
# Visual Studio 15
VisualStudioVersion = 15.0.28307.1062
MinimumVisualStudioVersion = 10.0.40219.1
Project("{FAE04EC0-301F-11D3-BF4B-00C04F79EFBC}") = "Iprosoft.ELMA.MailReaders", "Iprosoft.ELMA.MailReaders\Iprosoft.ELMA.MailReaders\Iprosoft.ELMA.MailReaders.csproj", "{4B644D16-A9A1-410B-9850-699954203F3B}"
EndProject
Project("{FAE04EC0-301F-11D3-BF4B-00C04F79EFBC}") = "Iprosoft.ELMA.MailReaders.Web", "Iprosoft.ELMA.MailReaders\Iprosoft.ELMA.MailReaders.Web\Iprosoft.ELMA.MailReaders.Web.csproj", "{9CD407C8-F3F7-495D-A84D-25857FE8D692}"
EndProject
Project("{FAE04EC0-301F-11D3-BF4B-00C04F79EFBC}") = "Iprosoft.ELMA.MailReaderConf", "Iprosoft.ELMA.MailReaderConf\Iprosoft.ELMA.MailReaderConf\Iprosoft.ELMA.MailReaderConf.csproj", "{238270FD-67E3-4352-B440-2FB185C12C48}"
EndProject
Project("{FAE04EC0-301F-11D3-BF4B-00C04F79EFBC}") = "Iprosoft.ELMA.MailReaderConf.Web", "Iprosoft.ELMA.MailReaderConf\Iprosoft.ELMA.MailReaderConf.Web\Iprosoft.ELMA.MailReaderConf.Web.csproj", "{FC664395-0A95-47B3-B7F4-5F644976CE40}"
EndProject
Global
	GlobalSection(SolutionConfigurationPlatforms) = preSolution
		Debug|Any CPU = Debug|Any CPU
		Release|Any CPU = Release|Any CPU
	EndGlobalSection
	GlobalSection(ProjectConfigurationPlatforms) = postSolution
		{4B644D16-A9A1-410B-9850-699954203F3B}.Debug|Any CPU.ActiveCfg = Debug|Any CPU
		{4B644D16-A9A1-410B-9850-699954203F3B}.Debug|Any CPU.Build.0 = Debug|Any CPU
		{4B644D16-A9A1-410B-9850-699954203F3B}.Release|Any CPU.ActiveCfg = Release|Any CPU
		{4B644D16-A9A1-410B-9850-699954203F3B}.Release|Any CPU.Build.0 = Release|Any CPU
		{9CD407C8-F3F7-495D-A84D-25857FE8D692}.Debug|Any CPU.ActiveCfg = Debug|Any CPU
		{9CD407C8-F3F7-495D-A84D-25857FE8D692}.Debug|Any CPU.Build.0 = Debug|Any CPU
		{9CD407C8-F3F7-495D-A84D-25857FE8D692}.Release|Any CPU.ActiveCfg = Release|Any CPU
		{9CD407C8-F3F7-495D-A84D-25857FE8D692}.Release|Any CPU.Build.0 = Release|Any CPU
		{238270FD-67E3-4352-B440-2FB185C12C48}.Debug|Any CPU.ActiveCfg = Debug|Any CPU
		{238270FD-67E3-4352-B440-2FB185C12C48}.Debug|Any CPU.Build.0 = Debug|Any CPU
		{238270FD-67E3-4352-B440-2FB185C12C48}.Release|Any CPU.ActiveCfg = Release|Any CPU
		{238270FD-67E3-4352-B440-2FB185C12C48}.Release|Any CPU.Build.0 = Release|Any CPU
		{FC664395-0A95-47B3-B7F4-5F644976CE40}.Debug|Any CPU.ActiveCfg = Debug|Any CPU
		{FC664395-0A95-47B3-B7F4-5F644976CE40}.Debug|Any CPU.Build.0 = Debug|Any CPU
		{FC664395-0A95-47B3-B7F4-5F644976CE40}.Release|Any CPU.ActiveCfg = Release|Any CPU
		{FC664395-0A95-47B3-B7F4-5F644976CE40}.Release|Any CPU.Build.0 = Release|Any CPU
	EndGlobalSection
	GlobalSection(SolutionProperties) = preSolution
		HideSolutionNode = FALSE
	EndGlobalSection
	GlobalSection(ExtensibilityGlobals) = postSolution
		SolutionGuid = {00AB356A-0046-4FA9-A30C-270C817607E0}
	EndGlobalSection
EndGlobal
